// !$*UTF8*$!
{
	archiveVersion = 1;
	classes = {
	};
	objectVersion = 46;
	objects = {

/* Begin PBXBuildFile section */
		B1A075561CEE995800B24C51 /* AppDelegate.swift in Sources */ = {isa = PBXBuildFile; fileRef = B1A075551CEE995800B24C51 /* AppDelegate.swift */; };
		B1A075581CEE995800B24C51 /* ViewController.swift in Sources */ = {isa = PBXBuildFile; fileRef = B1A075571CEE995800B24C51 /* ViewController.swift */; };
		B1A0755B1CEE995800B24C51 /* Main.storyboard in Resources */ = {isa = PBXBuildFile; fileRef = B1A075591CEE995800B24C51 /* Main.storyboard */; };
		B1A0755D1CEE995800B24C51 /* Assets.xcassets in Resources */ = {isa = PBXBuildFile; fileRef = B1A0755C1CEE995800B24C51 /* Assets.xcassets */; };
		B1A075601CEE995800B24C51 /* LaunchScreen.storyboard in Resources */ = {isa = PBXBuildFile; fileRef = B1A0755E1CEE995800B24C51 /* LaunchScreen.storyboard */; };
		B1A0756B1CEE995800B24C51 /* dropboxTests.swift in Sources */ = {isa = PBXBuildFile; fileRef = B1A0756A1CEE995800B24C51 /* dropboxTests.swift */; };
		B1A075761CEE995800B24C51 /* dropboxUITests.swift in Sources */ = {isa = PBXBuildFile; fileRef = B1A075751CEE995800B24C51 /* dropboxUITests.swift */; };
		B1A075841CEE9F9900B24C51 /* CreateAccountRootViewController.swift in Sources */ = {isa = PBXBuildFile; fileRef = B1A075831CEE9F9900B24C51 /* CreateAccountRootViewController.swift */; };
		B1A075861CEE9FA600B24C51 /* SignInRootViewController.swift in Sources */ = {isa = PBXBuildFile; fileRef = B1A075851CEE9FA600B24C51 /* SignInRootViewController.swift */; };
		B1A075881CEEA01A00B24C51 /* CreateAccountViewController.swift in Sources */ = {isa = PBXBuildFile; fileRef = B1A075871CEEA01A00B24C51 /* CreateAccountViewController.swift */; };
		B1A0758A1CEEA02700B24C51 /* SignInViewController.swift in Sources */ = {isa = PBXBuildFile; fileRef = B1A075891CEEA02700B24C51 /* SignInViewController.swift */; };
		B1A0758C1CF2201E00B24C51 /* TermsViewController.swift in Sources */ = {isa = PBXBuildFile; fileRef = B1A0758B1CF2201E00B24C51 /* TermsViewController.swift */; };
/* End PBXBuildFile section */

/* Begin PBXContainerItemProxy section */
		B1A075671CEE995800B24C51 /* PBXContainerItemProxy */ = {
			isa = PBXContainerItemProxy;
			containerPortal = B1A0754A1CEE995800B24C51 /* Project object */;
			proxyType = 1;
			remoteGlobalIDString = B1A075511CEE995800B24C51;
			remoteInfo = dropbox;
		};
		B1A075721CEE995800B24C51 /* PBXContainerItemProxy */ = {
			isa = PBXContainerItemProxy;
			containerPortal = B1A0754A1CEE995800B24C51 /* Project object */;
			proxyType = 1;
			remoteGlobalIDString = B1A075511CEE995800B24C51;
			remoteInfo = dropbox;
		};
/* End PBXContainerItemProxy section */

/* Begin PBXFileReference section */
		B1A075521CEE995800B24C51 /* dropbox.app */ = {isa = PBXFileReference; explicitFileType = wrapper.application; includeInIndex = 0; path = dropbox.app; sourceTree = BUILT_PRODUCTS_DIR; };
		B1A075551CEE995800B24C51 /* AppDelegate.swift */ = {isa = PBXFileReference; lastKnownFileType = sourcecode.swift; path = AppDelegate.swift; sourceTree = "<group>"; };
		B1A075571CEE995800B24C51 /* ViewController.swift */ = {isa = PBXFileReference; lastKnownFileType = sourcecode.swift; path = ViewController.swift; sourceTree = "<group>"; };
		B1A0755A1CEE995800B24C51 /* Base */ = {isa = PBXFileReference; lastKnownFileType = file.storyboard; name = Base; path = Base.lproj/Main.storyboard; sourceTree = "<group>"; };
		B1A0755C1CEE995800B24C51 /* Assets.xcassets */ = {isa = PBXFileReference; lastKnownFileType = folder.assetcatalog; path = Assets.xcassets; sourceTree = "<group>"; };
		B1A0755F1CEE995800B24C51 /* Base */ = {isa = PBXFileReference; lastKnownFileType = file.storyboard; name = Base; path = Base.lproj/LaunchScreen.storyboard; sourceTree = "<group>"; };
		B1A075611CEE995800B24C51 /* Info.plist */ = {isa = PBXFileReference; lastKnownFileType = text.plist.xml; path = Info.plist; sourceTree = "<group>"; };
		B1A075661CEE995800B24C51 /* dropboxTests.xctest */ = {isa = PBXFileReference; explicitFileType = wrapper.cfbundle; includeInIndex = 0; path = dropboxTests.xctest; sourceTree = BUILT_PRODUCTS_DIR; };
		B1A0756A1CEE995800B24C51 /* dropboxTests.swift */ = {isa = PBXFileReference; lastKnownFileType = sourcecode.swift; path = dropboxTests.swift; sourceTree = "<group>"; };
		B1A0756C1CEE995800B24C51 /* Info.plist */ = {isa = PBXFileReference; lastKnownFileType = text.plist.xml; path = Info.plist; sourceTree = "<group>"; };
		B1A075711CEE995800B24C51 /* dropboxUITests.xctest */ = {isa = PBXFileReference; explicitFileType = wrapper.cfbundle; includeInIndex = 0; path = dropboxUITests.xctest; sourceTree = BUILT_PRODUCTS_DIR; };
		B1A075751CEE995800B24C51 /* dropboxUITests.swift */ = {isa = PBXFileReference; lastKnownFileType = sourcecode.swift; path = dropboxUITests.swift; sourceTree = "<group>"; };
		B1A075771CEE995800B24C51 /* Info.plist */ = {isa = PBXFileReference; lastKnownFileType = text.plist.xml; path = Info.plist; sourceTree = "<group>"; };
		B1A075831CEE9F9900B24C51 /* CreateAccountRootViewController.swift */ = {isa = PBXFileReference; fileEncoding = 4; lastKnownFileType = sourcecode.swift; path = CreateAccountRootViewController.swift; sourceTree = "<group>"; };
		B1A075851CEE9FA600B24C51 /* SignInRootViewController.swift */ = {isa = PBXFileReference; fileEncoding = 4; lastKnownFileType = sourcecode.swift; path = SignInRootViewController.swift; sourceTree = "<group>"; };
		B1A075871CEEA01A00B24C51 /* CreateAccountViewController.swift */ = {isa = PBXFileReference; fileEncoding = 4; lastKnownFileType = sourcecode.swift; path = CreateAccountViewController.swift; sourceTree = "<group>"; };
		B1A075891CEEA02700B24C51 /* SignInViewController.swift */ = {isa = PBXFileReference; fileEncoding = 4; lastKnownFileType = sourcecode.swift; path = SignInViewController.swift; sourceTree = "<group>"; };
		B1A0758B1CF2201E00B24C51 /* TermsViewController.swift */ = {isa = PBXFileReference; fileEncoding = 4; lastKnownFileType = sourcecode.swift; path = TermsViewController.swift; sourceTree = "<group>"; };
/* End PBXFileReference section */

/* Begin PBXFrameworksBuildPhase section */
		B1A0754F1CEE995800B24C51 /* Frameworks */ = {
			isa = PBXFrameworksBuildPhase;
			buildActionMask = 2147483647;
			files = (
			);
			runOnlyForDeploymentPostprocessing = 0;
		};
		B1A075631CEE995800B24C51 /* Frameworks */ = {
			isa = PBXFrameworksBuildPhase;
			buildActionMask = 2147483647;
			files = (
			);
			runOnlyForDeploymentPostprocessing = 0;
		};
		B1A0756E1CEE995800B24C51 /* Frameworks */ = {
			isa = PBXFrameworksBuildPhase;
			buildActionMask = 2147483647;
			files = (
			);
			runOnlyForDeploymentPostprocessing = 0;
		};
/* End PBXFrameworksBuildPhase section */

/* Begin PBXGroup section */
		B1A075491CEE995800B24C51 = {
			isa = PBXGroup;
			children = (
				B1A075541CEE995800B24C51 /* dropbox */,
				B1A075691CEE995800B24C51 /* dropboxTests */,
				B1A075741CEE995800B24C51 /* dropboxUITests */,
				B1A075531CEE995800B24C51 /* Products */,
			);
			sourceTree = "<group>";
		};
		B1A075531CEE995800B24C51 /* Products */ = {
			isa = PBXGroup;
			children = (
				B1A075521CEE995800B24C51 /* dropbox.app */,
				B1A075661CEE995800B24C51 /* dropboxTests.xctest */,
				B1A075711CEE995800B24C51 /* dropboxUITests.xctest */,
			);
			name = Products;
			sourceTree = "<group>";
		};
		B1A075541CEE995800B24C51 /* dropbox */ = {
			isa = PBXGroup;
			children = (
				B1A075551CEE995800B24C51 /* AppDelegate.swift */,
				B1A075571CEE995800B24C51 /* ViewController.swift */,
				B1A075591CEE995800B24C51 /* Main.storyboard */,
				B1A0755C1CEE995800B24C51 /* Assets.xcassets */,
				B1A0755E1CEE995800B24C51 /* LaunchScreen.storyboard */,
				B1A075611CEE995800B24C51 /* Info.plist */,
				B1A075831CEE9F9900B24C51 /* CreateAccountRootViewController.swift */,
				B1A075851CEE9FA600B24C51 /* SignInRootViewController.swift */,
				B1A075871CEEA01A00B24C51 /* CreateAccountViewController.swift */,
				B1A075891CEEA02700B24C51 /* SignInViewController.swift */,
				B1A0758B1CF2201E00B24C51 /* TermsViewController.swift */,
			);
			path = dropbox;
			sourceTree = "<group>";
		};
		B1A075691CEE995800B24C51 /* dropboxTests */ = {
			isa = PBXGroup;
			children = (
				B1A0756A1CEE995800B24C51 /* dropboxTests.swift */,
				B1A0756C1CEE995800B24C51 /* Info.plist */,
			);
			path = dropboxTests;
			sourceTree = "<group>";
		};
		B1A075741CEE995800B24C51 /* dropboxUITests */ = {
			isa = PBXGroup;
			children = (
				B1A075751CEE995800B24C51 /* dropboxUITests.swift */,
				B1A075771CEE995800B24C51 /* Info.plist */,
			);
			path = dropboxUITests;
			sourceTree = "<group>";
		};
/* End PBXGroup section */

/* Begin PBXNativeTarget section */
		B1A075511CEE995800B24C51 /* dropbox */ = {
			isa = PBXNativeTarget;
			buildConfigurationList = B1A0757A1CEE995800B24C51 /* Build configuration list for PBXNativeTarget "dropbox" */;
			buildPhases = (
				B1A0754E1CEE995800B24C51 /* Sources */,
				B1A0754F1CEE995800B24C51 /* Frameworks */,
				B1A075501CEE995800B24C51 /* Resources */,
			);
			buildRules = (
			);
			dependencies = (
			);
			name = dropbox;
			productName = dropbox;
			productReference = B1A075521CEE995800B24C51 /* dropbox.app */;
			productType = "com.apple.product-type.application";
		};
		B1A075651CEE995800B24C51 /* dropboxTests */ = {
			isa = PBXNativeTarget;
			buildConfigurationList = B1A0757D1CEE995800B24C51 /* Build configuration list for PBXNativeTarget "dropboxTests" */;
			buildPhases = (
				B1A075621CEE995800B24C51 /* Sources */,
				B1A075631CEE995800B24C51 /* Frameworks */,
				B1A075641CEE995800B24C51 /* Resources */,
			);
			buildRules = (
			);
			dependencies = (
				B1A075681CEE995800B24C51 /* PBXTargetDependency */,
			);
			name = dropboxTests;
			productName = dropboxTests;
			productReference = B1A075661CEE995800B24C51 /* dropboxTests.xctest */;
			productType = "com.apple.product-type.bundle.unit-test";
		};
		B1A075701CEE995800B24C51 /* dropboxUITests */ = {
			isa = PBXNativeTarget;
			buildConfigurationList = B1A075801CEE995800B24C51 /* Build configuration list for PBXNativeTarget "dropboxUITests" */;
			buildPhases = (
				B1A0756D1CEE995800B24C51 /* Sources */,
				B1A0756E1CEE995800B24C51 /* Frameworks */,
				B1A0756F1CEE995800B24C51 /* Resources */,
			);
			buildRules = (
			);
			dependencies = (
				B1A075731CEE995800B24C51 /* PBXTargetDependency */,
			);
			name = dropboxUITests;
			productName = dropboxUITests;
			productReference = B1A075711CEE995800B24C51 /* dropboxUITests.xctest */;
			productType = "com.apple.product-type.bundle.ui-testing";
		};
/* End PBXNativeTarget section */

/* Begin PBXProject section */
		B1A0754A1CEE995800B24C51 /* Project object */ = {
			isa = PBXProject;
			attributes = {
				LastSwiftUpdateCheck = 0720;
				LastUpgradeCheck = 0720;
				ORGANIZATIONNAME = "Nicholas Wallen";
				TargetAttributes = {
					B1A075511CEE995800B24C51 = {
						CreatedOnToolsVersion = 7.2.1;
					};
					B1A075651CEE995800B24C51 = {
						CreatedOnToolsVersion = 7.2.1;
						TestTargetID = B1A075511CEE995800B24C51;
					};
					B1A075701CEE995800B24C51 = {
						CreatedOnToolsVersion = 7.2.1;
						TestTargetID = B1A075511CEE995800B24C51;
					};
				};
			};
			buildConfigurationList = B1A0754D1CEE995800B24C51 /* Build configuration list for PBXProject "dropbox" */;
			compatibilityVersion = "Xcode 3.2";
			developmentRegion = English;
			hasScannedForEncodings = 0;
			knownRegions = (
				en,
				Base,
			);
			mainGroup = B1A075491CEE995800B24C51;
			productRefGroup = B1A075531CEE995800B24C51 /* Products */;
			projectDirPath = "";
			projectRoot = "";
			targets = (
				B1A075511CEE995800B24C51 /* dropbox */,
				B1A075651CEE995800B24C51 /* dropboxTests */,
				B1A075701CEE995800B24C51 /* dropboxUITests */,
			);
		};
/* End PBXProject section */

/* Begin PBXResourcesBuildPhase section */
		B1A075501CEE995800B24C51 /* Resources */ = {
			isa = PBXResourcesBuildPhase;
			buildActionMask = 2147483647;
			files = (
				B1A075601CEE995800B24C51 /* LaunchScreen.storyboard in Resources */,
				B1A0755D1CEE995800B24C51 /* Assets.xcassets in Resources */,
				B1A0755B1CEE995800B24C51 /* Main.storyboard in Resources */,
			);
			runOnlyForDeploymentPostprocessing = 0;
		};
		B1A075641CEE995800B24C51 /* Resources */ = {
			isa = PBXResourcesBuildPhase;
			buildActionMask = 2147483647;
			files = (
			);
			runOnlyForDeploymentPostprocessing = 0;
		};
		B1A0756F1CEE995800B24C51 /* Resources */ = {
			isa = PBXResourcesBuildPhase;
			buildActionMask = 2147483647;
			files = (
			);
			runOnlyForDeploymentPostprocessing = 0;
		};
/* End PBXResourcesBuildPhase section */

/* Begin PBXSourcesBuildPhase section */
		B1A0754E1CEE995800B24C51 /* Sources */ = {
			isa = PBXSourcesBuildPhase;
			buildActionMask = 2147483647;
			files = (
				B1A075881CEEA01A00B24C51 /* CreateAccountViewController.swift in Sources */,
				B1A075861CEE9FA600B24C51 /* SignInRootViewController.swift in Sources */,
				B1A0758A1CEEA02700B24C51 /* SignInViewController.swift in Sources */,
				B1A075841CEE9F9900B24C51 /* CreateAccountRootViewController.swift in Sources */,
				B1A075581CEE995800B24C51 /* ViewController.swift in Sources */,
				B1A075561CEE995800B24C51 /* AppDelegate.swift in Sources */,
				B1A0758C1CF2201E00B24C51 /* TermsViewController.swift in Sources */,
			);
			runOnlyForDeploymentPostprocessing = 0;
		};
		B1A075621CEE995800B24C51 /* Sources */ = {
			isa = PBXSourcesBuildPhase;
			buildActionMask = 2147483647;
			files = (
				B1A0756B1CEE995800B24C51 /* dropboxTests.swift in Sources */,
			);
			runOnlyForDeploymentPostprocessing = 0;
		};
		B1A0756D1CEE995800B24C51 /* Sources */ = {
			isa = PBXSourcesBuildPhase;
			buildActionMask = 2147483647;
			files = (
				B1A075761CEE995800B24C51 /* dropboxUITests.swift in Sources */,
			);
			runOnlyForDeploymentPostprocessing = 0;
		};
/* End PBXSourcesBuildPhase section */

/* Begin PBXTargetDependency section */
		B1A075681CEE995800B24C51 /* PBXTargetDependency */ = {
			isa = PBXTargetDependency;
			target = B1A075511CEE995800B24C51 /* dropbox */;
			targetProxy = B1A075671CEE995800B24C51 /* PBXContainerItemProxy */;
		};
		B1A075731CEE995800B24C51 /* PBXTargetDependency */ = {
			isa = PBXTargetDependency;
			target = B1A075511CEE995800B24C51 /* dropbox */;
			targetProxy = B1A075721CEE995800B24C51 /* PBXContainerItemProxy */;
		};
/* End PBXTargetDependency section */

/* Begin PBXVariantGroup section */
		B1A075591CEE995800B24C51 /* Main.storyboard */ = {
			isa = PBXVariantGroup;
			children = (
				B1A0755A1CEE995800B24C51 /* Base */,
			);
			name = Main.storyboard;
			sourceTree = "<group>";
		};
		B1A0755E1CEE995800B24C51 /* LaunchScreen.storyboard */ = {
			isa = PBXVariantGroup;
			children = (
				B1A0755F1CEE995800B24C51 /* Base */,
			);
			name = LaunchScreen.storyboard;
			sourceTree = "<group>";
		};
/* End PBXVariantGroup section */

/* Begin XCBuildConfiguration section */
		B1A075781CEE995800B24C51 /* Debug */ = {
			isa = XCBuildConfiguration;
			buildSettings = {
				ALWAYS_SEARCH_USER_PATHS = NO;
				CLANG_CXX_LANGUAGE_STANDARD = "gnu++0x";
				CLANG_CXX_LIBRARY = "libc++";
				CLANG_ENABLE_MODULES = YES;
				CLANG_ENABLE_OBJC_ARC = YES;
				CLANG_WARN_BOOL_CONVERSION = YES;
				CLANG_WARN_CONSTANT_CONVERSION = YES;
				CLANG_WARN_DIRECT_OBJC_ISA_USAGE = YES_ERROR;
				CLANG_WARN_EMPTY_BODY = YES;
				CLANG_WARN_ENUM_CONVERSION = YES;
				CLANG_WARN_INT_CONVERSION = YES;
				CLANG_WARN_OBJC_ROOT_CLASS = YES_ERROR;
				CLANG_WARN_UNREACHABLE_CODE = YES;
				CLANG_WARN__DUPLICATE_METHOD_MATCH = YES;
				"CODE_SIGN_IDENTITY[sdk=iphoneos*]" = "iPhone Developer";
				COPY_PHASE_STRIP = NO;
				DEBUG_INFORMATION_FORMAT = dwarf;
				ENABLE_STRICT_OBJC_MSGSEND = YES;
				ENABLE_TESTABILITY = YES;
				GCC_C_LANGUAGE_STANDARD = gnu99;
				GCC_DYNAMIC_NO_PIC = NO;
				GCC_NO_COMMON_BLOCKS = YES;
				GCC_OPTIMIZATION_LEVEL = 0;
				GCC_PREPROCESSOR_DEFINITIONS = (
					"DEBUG=1",
					"$(inherited)",
				);
				GCC_WARN_64_TO_32_BIT_CONVERSION = YES;
				GCC_WARN_ABOUT_RETURN_TYPE = YES_ERROR;
				GCC_WARN_UNDECLARED_SELECTOR = YES;
				GCC_WARN_UNINITIALIZED_AUTOS = YES_AGGRESSIVE;
				GCC_WARN_UNUSED_FUNCTION = YES;
				GCC_WARN_UNUSED_VARIABLE = YES;
				IPHONEOS_DEPLOYMENT_TARGET = 9.2;
				MTL_ENABLE_DEBUG_INFO = YES;
				ONLY_ACTIVE_ARCH = YES;
				SDKROOT = iphoneos;
				SWIFT_OPTIMIZATION_LEVEL = "-Onone";
			};
			name = Debug;
		};
		B1A075791CEE995800B24C51 /* Release */ = {
			isa = XCBuildConfiguration;
			buildSettings = {
				ALWAYS_SEARCH_USER_PATHS = NO;
				CLANG_CXX_LANGUAGE_STANDARD = "gnu++0x";
				CLANG_CXX_LIBRARY = "libc++";
				CLANG_ENABLE_MODULES = YES;
				CLANG_ENABLE_OBJC_ARC = YES;
				CLANG_WARN_BOOL_CONVERSION = YES;
				CLANG_WARN_CONSTANT_CONVERSION = YES;
				CLANG_WARN_DIRECT_OBJC_ISA_USAGE = YES_ERROR;
				CLANG_WARN_EMPTY_BODY = YES;
				CLANG_WARN_ENUM_CONVERSION = YES;
				CLANG_WARN_INT_CONVERSION = YES;
				CLANG_WARN_OBJC_ROOT_CLASS = YES_ERROR;
				CLANG_WARN_UNREACHABLE_CODE = YES;
				CLANG_WARN__DUPLICATE_METHOD_MATCH = YES;
				"CODE_SIGN_IDENTITY[sdk=iphoneos*]" = "iPhone Developer";
				COPY_PHASE_STRIP = NO;
				DEBUG_INFORMATION_FORMAT = "dwarf-with-dsym";
				ENABLE_NS_ASSERTIONS = NO;
				ENABLE_STRICT_OBJC_MSGSEND = YES;
				GCC_C_LANGUAGE_STANDARD = gnu99;
				GCC_NO_COMMON_BLOCKS = YES;
				GCC_WARN_64_TO_32_BIT_CONVERSION = YES;
				GCC_WARN_ABOUT_RETURN_TYPE = YES_ERROR;
				GCC_WARN_UNDECLARED_SELECTOR = YES;
				GCC_WARN_UNINITIALIZED_AUTOS = YES_AGGRESSIVE;
				GCC_WARN_UNUSED_FUNCTION = YES;
				GCC_WARN_UNUSED_VARIABLE = YES;
				IPHONEOS_DEPLOYMENT_TARGET = 9.2;
				MTL_ENABLE_DEBUG_INFO = NO;
				SDKROOT = iphoneos;
				VALIDATE_PRODUCT = YES;
			};
			name = Release;
		};
		B1A0757B1CEE995800B24C51 /* Debug */ = {
			isa = XCBuildConfiguration;
			buildSettings = {
				ASSETCATALOG_COMPILER_APPICON_NAME = AppIcon;
				INFOPLIST_FILE = dropbox/Info.plist;
				LD_RUNPATH_SEARCH_PATHS = "$(inherited) @executable_path/Frameworks";
				PRODUCT_BUNDLE_IDENTIFIER = com.nicholaswallen.dropbox;
				PRODUCT_NAME = "$(TARGET_NAME)";
			};
			name = Debug;
		};
		B1A0757C1CEE995800B24C51 /* Release */ = {
			isa = XCBuildConfiguration;
			buildSettings = {
				ASSETCATALOG_COMPILER_APPICON_NAME = AppIcon;
				INFOPLIST_FILE = dropbox/Info.plist;
				LD_RUNPATH_SEARCH_PATHS = "$(inherited) @executable_path/Frameworks";
				PRODUCT_BUNDLE_IDENTIFIER = com.nicholaswallen.dropbox;
				PRODUCT_NAME = "$(TARGET_NAME)";
			};
			name = Release;
		};
		B1A0757E1CEE995800B24C51 /* Debug */ = {
			isa = XCBuildConfiguration;
			buildSettings = {
				BUNDLE_LOADER = "$(TEST_HOST)";
				INFOPLIST_FILE = dropboxTests/Info.plist;
				LD_RUNPATH_SEARCH_PATHS = "$(inherited) @executable_path/Frameworks @loader_path/Frameworks";
				PRODUCT_BUNDLE_IDENTIFIER = com.nicholaswallen.dropboxTests;
				PRODUCT_NAME = "$(TARGET_NAME)";
				TEST_HOST = "$(BUILT_PRODUCTS_DIR)/dropbox.app/dropbox";
			};
			name = Debug;
		};
		B1A0757F1CEE995800B24C51 /* Release */ = {
			isa = XCBuildConfiguration;
			buildSettings = {
				BUNDLE_LOADER = "$(TEST_HOST)";
				INFOPLIST_FILE = dropboxTests/Info.plist;
				LD_RUNPATH_SEARCH_PATHS = "$(inherited) @executable_path/Frameworks @loader_path/Frameworks";
				PRODUCT_BUNDLE_IDENTIFIER = com.nicholaswallen.dropboxTests;
				PRODUCT_NAME = "$(TARGET_NAME)";
				TEST_HOST = "$(BUILT_PRODUCTS_DIR)/dropbox.app/dropbox";
			};
			name = Release;
		};
		B1A075811CEE995800B24C51 /* Debug */ = {
			isa = XCBuildConfiguration;
			buildSettings = {
				INFOPLIST_FILE = dropboxUITests/Info.plist;
				LD_RUNPATH_SEARCH_PATHS = "$(inherited) @executable_path/Frameworks @loader_path/Frameworks";
				PRODUCT_BUNDLE_IDENTIFIER = com.nicholaswallen.dropboxUITests;
				PRODUCT_NAME = "$(TARGET_NAME)";
				TEST_TARGET_NAME = dropbox;
				USES_XCTRUNNER = YES;
			};
			name = Debug;
		};
		B1A075821CEE995800B24C51 /* Release */ = {
			isa = XCBuildConfiguration;
			buildSettings = {
				INFOPLIST_FILE = dropboxUITests/Info.plist;
				LD_RUNPATH_SEARCH_PATHS = "$(inherited) @executable_path/Frameworks @loader_path/Frameworks";
				PRODUCT_BUNDLE_IDENTIFIER = com.nicholaswallen.dropboxUITests;
				PRODUCT_NAME = "$(TARGET_NAME)";
				TEST_TARGET_NAME = dropbox;
				USES_XCTRUNNER = YES;
			};
			name = Release;
		};
/* End XCBuildConfiguration section */

/* Begin XCConfigurationList section */
		B1A0754D1CEE995800B24C51 /* Build configuration list for PBXProject "dropbox" */ = {
			isa = XCConfigurationList;
			buildConfigurations = (
				B1A075781CEE995800B24C51 /* Debug */,
				B1A075791CEE995800B24C51 /* Release */,
			);
			defaultConfigurationIsVisible = 0;
			defaultConfigurationName = Release;
		};
		B1A0757A1CEE995800B24C51 /* Build configuration list for PBXNativeTarget "dropbox" */ = {
			isa = XCConfigurationList;
			buildConfigurations = (
				B1A0757B1CEE995800B24C51 /* Debug */,
				B1A0757C1CEE995800B24C51 /* Release */,
			);
			defaultConfigurationIsVisible = 0;
		};
		B1A0757D1CEE995800B24C51 /* Build configuration list for PBXNativeTarget "dropboxTests" */ = {
			isa = XCConfigurationList;
			buildConfigurations = (
				B1A0757E1CEE995800B24C51 /* Debug */,
				B1A0757F1CEE995800B24C51 /* Release */,
			);
			defaultConfigurationIsVisible = 0;
		};
		B1A075801CEE995800B24C51 /* Build configuration list for PBXNativeTarget "dropboxUITests" */ = {
			isa = XCConfigurationList;
			buildConfigurations = (
				B1A075811CEE995800B24C51 /* Debug */,
				B1A075821CEE995800B24C51 /* Release */,
			);
			defaultConfigurationIsVisible = 0;
		};
/* End XCConfigurationList section */
	};
	rootObject = B1A0754A1CEE995800B24C51 /* Project object */;
}
